// !$*UTF8*$!
{
	archiveVersion = 1;
	classes = {
	};
	objectVersion = 56;
	objects = {

/* Begin PBXBuildFile section */
		204C4F832BF20CAB00AB4156 /* BigONotationViewModel.swift in Sources */ = {isa = PBXBuildFile; fileRef = 204C4F822BF20CAB00AB4156 /* BigONotationViewModel.swift */; };
		205AAB0A2962C418003E4D17 /* AppDelegate.swift in Sources */ = {isa = PBXBuildFile; fileRef = 205AAB092962C418003E4D17 /* AppDelegate.swift */; };
		205AAB0C2962C418003E4D17 /* SceneDelegate.swift in Sources */ = {isa = PBXBuildFile; fileRef = 205AAB0B2962C418003E4D17 /* SceneDelegate.swift */; };
		205AAB0E2962C418003E4D17 /* ViewController.swift in Sources */ = {isa = PBXBuildFile; fileRef = 205AAB0D2962C418003E4D17 /* ViewController.swift */; };
		205AAB112962C418003E4D17 /* Main.storyboard in Resources */ = {isa = PBXBuildFile; fileRef = 205AAB0F2962C418003E4D17 /* Main.storyboard */; };
		205AAB132962C41A003E4D17 /* Assets.xcassets in Resources */ = {isa = PBXBuildFile; fileRef = 205AAB122962C41A003E4D17 /* Assets.xcassets */; };
		205AAB162962C41A003E4D17 /* LaunchScreen.storyboard in Resources */ = {isa = PBXBuildFile; fileRef = 205AAB142962C41A003E4D17 /* LaunchScreen.storyboard */; };
		205AAB212962C41B003E4D17 /* DataStructuresAndAlgorithmsPracticeTests.swift in Sources */ = {isa = PBXBuildFile; fileRef = 205AAB202962C41B003E4D17 /* DataStructuresAndAlgorithmsPracticeTests.swift */; };
		205AAB2B2962C41B003E4D17 /* DataStructuresAndAlgorithmsPracticeUITests.swift in Sources */ = {isa = PBXBuildFile; fileRef = 205AAB2A2962C41B003E4D17 /* DataStructuresAndAlgorithmsPracticeUITests.swift */; };
		205AAB2D2962C41B003E4D17 /* DataStructuresAndAlgorithmsPracticeUITestsLaunchTests.swift in Sources */ = {isa = PBXBuildFile; fileRef = 205AAB2C2962C41B003E4D17 /* DataStructuresAndAlgorithmsPracticeUITestsLaunchTests.swift */; };
		205AAB3D2962C5B4003E4D17 /* Node.swift in Sources */ = {isa = PBXBuildFile; fileRef = 205AAB3C2962C5B4003E4D17 /* Node.swift */; };
		205AAB3F2962C5ED003E4D17 /* LinkList.swift in Sources */ = {isa = PBXBuildFile; fileRef = 205AAB3E2962C5ED003E4D17 /* LinkList.swift */; };
		205AAB432962E5FA003E4D17 /* LinkedListViewModel.swift in Sources */ = {isa = PBXBuildFile; fileRef = 205AAB422962E5FA003E4D17 /* LinkedListViewModel.swift */; };
		2088DE292BF8A2F0002F2BC8 /* ViewController+BigONotation.swift in Sources */ = {isa = PBXBuildFile; fileRef = 2088DE282BF8A2F0002F2BC8 /* ViewController+BigONotation.swift */; };
		2088DE2B2BF8A33B002F2BC8 /* ViewController+Arrays.swift in Sources */ = {isa = PBXBuildFile; fileRef = 2088DE2A2BF8A33B002F2BC8 /* ViewController+Arrays.swift */; };
		2088DE2D2BF8A35E002F2BC8 /* ViewController+LinkedList.swift in Sources */ = {isa = PBXBuildFile; fileRef = 2088DE2C2BF8A35E002F2BC8 /* ViewController+LinkedList.swift */; };
		20DA10202BF877B500040880 /* ArraysViewModel.swift in Sources */ = {isa = PBXBuildFile; fileRef = 20DA101F2BF877B500040880 /* ArraysViewModel.swift */; };
/* End PBXBuildFile section */

/* Begin PBXContainerItemProxy section */
		205AAB1D2962C41B003E4D17 /* PBXContainerItemProxy */ = {
			isa = PBXContainerItemProxy;
			containerPortal = 205AAAFE2962C418003E4D17 /* Project object */;
			proxyType = 1;
			remoteGlobalIDString = 205AAB052962C418003E4D17;
			remoteInfo = DataStructuresAndAlgorithmsPractice;
		};
		205AAB272962C41B003E4D17 /* PBXContainerItemProxy */ = {
			isa = PBXContainerItemProxy;
			containerPortal = 205AAAFE2962C418003E4D17 /* Project object */;
			proxyType = 1;
			remoteGlobalIDString = 205AAB052962C418003E4D17;
			remoteInfo = DataStructuresAndAlgorithmsPractice;
		};
/* End PBXContainerItemProxy section */

/* Begin PBXFileReference section */
		204C4F822BF20CAB00AB4156 /* BigONotationViewModel.swift */ = {isa = PBXFileReference; lastKnownFileType = sourcecode.swift; path = BigONotationViewModel.swift; sourceTree = "<group>"; };
		205AAB062962C418003E4D17 /* DataStructuresAndAlgorithmsPractice.app */ = {isa = PBXFileReference; explicitFileType = wrapper.application; includeInIndex = 0; path = DataStructuresAndAlgorithmsPractice.app; sourceTree = BUILT_PRODUCTS_DIR; };
		205AAB092962C418003E4D17 /* AppDelegate.swift */ = {isa = PBXFileReference; lastKnownFileType = sourcecode.swift; path = AppDelegate.swift; sourceTree = "<group>"; };
		205AAB0B2962C418003E4D17 /* SceneDelegate.swift */ = {isa = PBXFileReference; lastKnownFileType = sourcecode.swift; path = SceneDelegate.swift; sourceTree = "<group>"; };
		205AAB0D2962C418003E4D17 /* ViewController.swift */ = {isa = PBXFileReference; lastKnownFileType = sourcecode.swift; path = ViewController.swift; sourceTree = "<group>"; };
		205AAB102962C418003E4D17 /* Base */ = {isa = PBXFileReference; lastKnownFileType = file.storyboard; name = Base; path = Base.lproj/Main.storyboard; sourceTree = "<group>"; };
		205AAB122962C41A003E4D17 /* Assets.xcassets */ = {isa = PBXFileReference; lastKnownFileType = folder.assetcatalog; path = Assets.xcassets; sourceTree = "<group>"; };
		205AAB152962C41A003E4D17 /* Base */ = {isa = PBXFileReference; lastKnownFileType = file.storyboard; name = Base; path = Base.lproj/LaunchScreen.storyboard; sourceTree = "<group>"; };
		205AAB172962C41A003E4D17 /* Info.plist */ = {isa = PBXFileReference; lastKnownFileType = text.plist.xml; path = Info.plist; sourceTree = "<group>"; };
		205AAB1C2962C41B003E4D17 /* DataStructuresAndAlgorithmsPracticeTests.xctest */ = {isa = PBXFileReference; explicitFileType = wrapper.cfbundle; includeInIndex = 0; path = DataStructuresAndAlgorithmsPracticeTests.xctest; sourceTree = BUILT_PRODUCTS_DIR; };
		205AAB202962C41B003E4D17 /* DataStructuresAndAlgorithmsPracticeTests.swift */ = {isa = PBXFileReference; lastKnownFileType = sourcecode.swift; path = DataStructuresAndAlgorithmsPracticeTests.swift; sourceTree = "<group>"; };
		205AAB262962C41B003E4D17 /* DataStructuresAndAlgorithmsPracticeUITests.xctest */ = {isa = PBXFileReference; explicitFileType = wrapper.cfbundle; includeInIndex = 0; path = DataStructuresAndAlgorithmsPracticeUITests.xctest; sourceTree = BUILT_PRODUCTS_DIR; };
		205AAB2A2962C41B003E4D17 /* DataStructuresAndAlgorithmsPracticeUITests.swift */ = {isa = PBXFileReference; lastKnownFileType = sourcecode.swift; path = DataStructuresAndAlgorithmsPracticeUITests.swift; sourceTree = "<group>"; };
		205AAB2C2962C41B003E4D17 /* DataStructuresAndAlgorithmsPracticeUITestsLaunchTests.swift */ = {isa = PBXFileReference; lastKnownFileType = sourcecode.swift; path = DataStructuresAndAlgorithmsPracticeUITestsLaunchTests.swift; sourceTree = "<group>"; };
		205AAB3C2962C5B4003E4D17 /* Node.swift */ = {isa = PBXFileReference; lastKnownFileType = sourcecode.swift; path = Node.swift; sourceTree = "<group>"; };
		205AAB3E2962C5ED003E4D17 /* LinkList.swift */ = {isa = PBXFileReference; lastKnownFileType = sourcecode.swift; path = LinkList.swift; sourceTree = "<group>"; };
		205AAB422962E5FA003E4D17 /* LinkedListViewModel.swift */ = {isa = PBXFileReference; lastKnownFileType = sourcecode.swift; path = LinkedListViewModel.swift; sourceTree = "<group>"; };
		2088DE282BF8A2F0002F2BC8 /* ViewController+BigONotation.swift */ = {isa = PBXFileReference; lastKnownFileType = sourcecode.swift; path = "ViewController+BigONotation.swift"; sourceTree = "<group>"; };
		2088DE2A2BF8A33B002F2BC8 /* ViewController+Arrays.swift */ = {isa = PBXFileReference; lastKnownFileType = sourcecode.swift; path = "ViewController+Arrays.swift"; sourceTree = "<group>"; };
		2088DE2C2BF8A35E002F2BC8 /* ViewController+LinkedList.swift */ = {isa = PBXFileReference; lastKnownFileType = sourcecode.swift; path = "ViewController+LinkedList.swift"; sourceTree = "<group>"; };
		20DA101F2BF877B500040880 /* ArraysViewModel.swift */ = {isa = PBXFileReference; lastKnownFileType = sourcecode.swift; path = ArraysViewModel.swift; sourceTree = "<group>"; };
/* End PBXFileReference section */

/* Begin PBXFrameworksBuildPhase section */
		205AAB032962C418003E4D17 /* Frameworks */ = {
			isa = PBXFrameworksBuildPhase;
			buildActionMask = 2147483647;
			files = (
			);
			runOnlyForDeploymentPostprocessing = 0;
		};
		205AAB192962C41B003E4D17 /* Frameworks */ = {
			isa = PBXFrameworksBuildPhase;
			buildActionMask = 2147483647;
			files = (
			);
			runOnlyForDeploymentPostprocessing = 0;
		};
		205AAB232962C41B003E4D17 /* Frameworks */ = {
			isa = PBXFrameworksBuildPhase;
			buildActionMask = 2147483647;
			files = (
			);
			runOnlyForDeploymentPostprocessing = 0;
		};
/* End PBXFrameworksBuildPhase section */

/* Begin PBXGroup section */
		204C4F812BF20C8B00AB4156 /* BigONotation */ = {
			isa = PBXGroup;
			children = (
				204C4F822BF20CAB00AB4156 /* BigONotationViewModel.swift */,
			);
			path = BigONotation;
			sourceTree = "<group>";
		};
		205AAAFD2962C418003E4D17 = {
			isa = PBXGroup;
			children = (
				205AAB082962C418003E4D17 /* DataStructuresAndAlgorithmsPractice */,
				205AAB1F2962C41B003E4D17 /* DataStructuresAndAlgorithmsPracticeTests */,
				205AAB292962C41B003E4D17 /* DataStructuresAndAlgorithmsPracticeUITests */,
				205AAB072962C418003E4D17 /* Products */,
			);
			sourceTree = "<group>";
		};
		205AAB072962C418003E4D17 /* Products */ = {
			isa = PBXGroup;
			children = (
				205AAB062962C418003E4D17 /* DataStructuresAndAlgorithmsPractice.app */,
				205AAB1C2962C41B003E4D17 /* DataStructuresAndAlgorithmsPracticeTests.xctest */,
				205AAB262962C41B003E4D17 /* DataStructuresAndAlgorithmsPracticeUITests.xctest */,
			);
			name = Products;
			sourceTree = "<group>";
		};
		205AAB082962C418003E4D17 /* DataStructuresAndAlgorithmsPractice */ = {
			isa = PBXGroup;
			children = (
				205AAB3B2962C545003E4D17 /* ApplicationDelegates */,
				204C4F812BF20C8B00AB4156 /* BigONotation */,
				20DA101E2BF8777200040880 /* Array */,
				205AAB3A2962C510003E4D17 /* LinkedList */,
				205AAB0D2962C418003E4D17 /* ViewController.swift */,
				2088DE282BF8A2F0002F2BC8 /* ViewController+BigONotation.swift */,
				2088DE2A2BF8A33B002F2BC8 /* ViewController+Arrays.swift */,
				2088DE2C2BF8A35E002F2BC8 /* ViewController+LinkedList.swift */,
				205AAB0F2962C418003E4D17 /* Main.storyboard */,
				205AAB122962C41A003E4D17 /* Assets.xcassets */,
				205AAB142962C41A003E4D17 /* LaunchScreen.storyboard */,
				205AAB172962C41A003E4D17 /* Info.plist */,
			);
			path = DataStructuresAndAlgorithmsPractice;
			sourceTree = "<group>";
		};
		205AAB1F2962C41B003E4D17 /* DataStructuresAndAlgorithmsPracticeTests */ = {
			isa = PBXGroup;
			children = (
				205AAB202962C41B003E4D17 /* DataStructuresAndAlgorithmsPracticeTests.swift */,
			);
			path = DataStructuresAndAlgorithmsPracticeTests;
			sourceTree = "<group>";
		};
		205AAB292962C41B003E4D17 /* DataStructuresAndAlgorithmsPracticeUITests */ = {
			isa = PBXGroup;
			children = (
				205AAB2A2962C41B003E4D17 /* DataStructuresAndAlgorithmsPracticeUITests.swift */,
				205AAB2C2962C41B003E4D17 /* DataStructuresAndAlgorithmsPracticeUITestsLaunchTests.swift */,
			);
			path = DataStructuresAndAlgorithmsPracticeUITests;
			sourceTree = "<group>";
		};
		205AAB3A2962C510003E4D17 /* LinkedList */ = {
			isa = PBXGroup;
			children = (
				205AAB412962E5EC003E4D17 /* ViewModel */,
				205AAB402962E5D8003E4D17 /* Model */,
			);
			path = LinkedList;
			sourceTree = "<group>";
		};
		205AAB3B2962C545003E4D17 /* ApplicationDelegates */ = {
			isa = PBXGroup;
			children = (
				205AAB092962C418003E4D17 /* AppDelegate.swift */,
				205AAB0B2962C418003E4D17 /* SceneDelegate.swift */,
			);
			path = ApplicationDelegates;
			sourceTree = "<group>";
		};
		205AAB402962E5D8003E4D17 /* Model */ = {
			isa = PBXGroup;
			children = (
				205AAB3C2962C5B4003E4D17 /* Node.swift */,
				205AAB3E2962C5ED003E4D17 /* LinkList.swift */,
			);
			path = Model;
			sourceTree = "<group>";
		};
		205AAB412962E5EC003E4D17 /* ViewModel */ = {
			isa = PBXGroup;
			children = (
				205AAB422962E5FA003E4D17 /* LinkedListViewModel.swift */,
			);
			path = ViewModel;
			sourceTree = "<group>";
		};
		20DA101E2BF8777200040880 /* Array */ = {
			isa = PBXGroup;
			children = (
				20DA101F2BF877B500040880 /* ArraysViewModel.swift */,
			);
			path = Array;
			sourceTree = "<group>";
		};
/* End PBXGroup section */

/* Begin PBXNativeTarget section */
		205AAB052962C418003E4D17 /* DataStructuresAndAlgorithmsPractice */ = {
			isa = PBXNativeTarget;
			buildConfigurationList = 205AAB302962C41B003E4D17 /* Build configuration list for PBXNativeTarget "DataStructuresAndAlgorithmsPractice" */;
			buildPhases = (
				205AAB022962C418003E4D17 /* Sources */,
				205AAB032962C418003E4D17 /* Frameworks */,
				205AAB042962C418003E4D17 /* Resources */,
			);
			buildRules = (
			);
			dependencies = (
			);
			name = DataStructuresAndAlgorithmsPractice;
			productName = DataStructuresAndAlgorithmsPractice;
			productReference = 205AAB062962C418003E4D17 /* DataStructuresAndAlgorithmsPractice.app */;
			productType = "com.apple.product-type.application";
		};
		205AAB1B2962C41B003E4D17 /* DataStructuresAndAlgorithmsPracticeTests */ = {
			isa = PBXNativeTarget;
			buildConfigurationList = 205AAB332962C41B003E4D17 /* Build configuration list for PBXNativeTarget "DataStructuresAndAlgorithmsPracticeTests" */;
			buildPhases = (
				205AAB182962C41B003E4D17 /* Sources */,
				205AAB192962C41B003E4D17 /* Frameworks */,
				205AAB1A2962C41B003E4D17 /* Resources */,
			);
			buildRules = (
			);
			dependencies = (
				205AAB1E2962C41B003E4D17 /* PBXTargetDependency */,
			);
			name = DataStructuresAndAlgorithmsPracticeTests;
			productName = DataStructuresAndAlgorithmsPracticeTests;
			productReference = 205AAB1C2962C41B003E4D17 /* DataStructuresAndAlgorithmsPracticeTests.xctest */;
			productType = "com.apple.product-type.bundle.unit-test";
		};
		205AAB252962C41B003E4D17 /* DataStructuresAndAlgorithmsPracticeUITests */ = {
			isa = PBXNativeTarget;
			buildConfigurationList = 205AAB362962C41B003E4D17 /* Build configuration list for PBXNativeTarget "DataStructuresAndAlgorithmsPracticeUITests" */;
			buildPhases = (
				205AAB222962C41B003E4D17 /* Sources */,
				205AAB232962C41B003E4D17 /* Frameworks */,
				205AAB242962C41B003E4D17 /* Resources */,
			);
			buildRules = (
			);
			dependencies = (
				205AAB282962C41B003E4D17 /* PBXTargetDependency */,
			);
			name = DataStructuresAndAlgorithmsPracticeUITests;
			productName = DataStructuresAndAlgorithmsPracticeUITests;
			productReference = 205AAB262962C41B003E4D17 /* DataStructuresAndAlgorithmsPracticeUITests.xctest */;
			productType = "com.apple.product-type.bundle.ui-testing";
		};
/* End PBXNativeTarget section */

/* Begin PBXProject section */
		205AAAFE2962C418003E4D17 /* Project object */ = {
			isa = PBXProject;
			attributes = {
				BuildIndependentTargetsInParallel = 1;
				LastSwiftUpdateCheck = 1420;
				LastUpgradeCheck = 1540;
				TargetAttributes = {
					205AAB052962C418003E4D17 = {
						CreatedOnToolsVersion = 14.2;
					};
					205AAB1B2962C41B003E4D17 = {
						CreatedOnToolsVersion = 14.2;
						TestTargetID = 205AAB052962C418003E4D17;
					};
					205AAB252962C41B003E4D17 = {
						CreatedOnToolsVersion = 14.2;
						TestTargetID = 205AAB052962C418003E4D17;
					};
				};
			};
			buildConfigurationList = 205AAB012962C418003E4D17 /* Build configuration list for PBXProject "DataStructuresAndAlgorithmsPractice" */;
			compatibilityVersion = "Xcode 14.0";
			developmentRegion = en;
			hasScannedForEncodings = 0;
			knownRegions = (
				en,
				Base,
			);
			mainGroup = 205AAAFD2962C418003E4D17;
			productRefGroup = 205AAB072962C418003E4D17 /* Products */;
			projectDirPath = "";
			projectRoot = "";
			targets = (
				205AAB052962C418003E4D17 /* DataStructuresAndAlgorithmsPractice */,
				205AAB1B2962C41B003E4D17 /* DataStructuresAndAlgorithmsPracticeTests */,
				205AAB252962C41B003E4D17 /* DataStructuresAndAlgorithmsPracticeUITests */,
			);
		};
/* End PBXProject section */

/* Begin PBXResourcesBuildPhase section */
		205AAB042962C418003E4D17 /* Resources */ = {
			isa = PBXResourcesBuildPhase;
			buildActionMask = 2147483647;
			files = (
				205AAB162962C41A003E4D17 /* LaunchScreen.storyboard in Resources */,
				205AAB132962C41A003E4D17 /* Assets.xcassets in Resources */,
				205AAB112962C418003E4D17 /* Main.storyboard in Resources */,
			);
			runOnlyForDeploymentPostprocessing = 0;
		};
		205AAB1A2962C41B003E4D17 /* Resources */ = {
			isa = PBXResourcesBuildPhase;
			buildActionMask = 2147483647;
			files = (
			);
			runOnlyForDeploymentPostprocessing = 0;
		};
		205AAB242962C41B003E4D17 /* Resources */ = {
			isa = PBXResourcesBuildPhase;
			buildActionMask = 2147483647;
			files = (
			);
			runOnlyForDeploymentPostprocessing = 0;
		};
/* End PBXResourcesBuildPhase section */

/* Begin PBXSourcesBuildPhase section */
		205AAB022962C418003E4D17 /* Sources */ = {
			isa = PBXSourcesBuildPhase;
			buildActionMask = 2147483647;
			files = (
				205AAB0E2962C418003E4D17 /* ViewController.swift in Sources */,
				205AAB0A2962C418003E4D17 /* AppDelegate.swift in Sources */,
				204C4F832BF20CAB00AB4156 /* BigONotationViewModel.swift in Sources */,
				205AAB3F2962C5ED003E4D17 /* LinkList.swift in Sources */,
				205AAB432962E5FA003E4D17 /* LinkedListViewModel.swift in Sources */,
				205AAB0C2962C418003E4D17 /* SceneDelegate.swift in Sources */,
				2088DE292BF8A2F0002F2BC8 /* ViewController+BigONotation.swift in Sources */,
				20DA10202BF877B500040880 /* ArraysViewModel.swift in Sources */,
				2088DE2D2BF8A35E002F2BC8 /* ViewController+LinkedList.swift in Sources */,
				2088DE2B2BF8A33B002F2BC8 /* ViewController+Arrays.swift in Sources */,
				205AAB3D2962C5B4003E4D17 /* Node.swift in Sources */,
			);
			runOnlyForDeploymentPostprocessing = 0;
		};
		205AAB182962C41B003E4D17 /* Sources */ = {
			isa = PBXSourcesBuildPhase;
			buildActionMask = 2147483647;
			files = (
				205AAB212962C41B003E4D17 /* DataStructuresAndAlgorithmsPracticeTests.swift in Sources */,
			);
			runOnlyForDeploymentPostprocessing = 0;
		};
		205AAB222962C41B003E4D17 /* Sources */ = {
			isa = PBXSourcesBuildPhase;
			buildActionMask = 2147483647;
			files = (
				205AAB2B2962C41B003E4D17 /* DataStructuresAndAlgorithmsPracticeUITests.swift in Sources */,
				205AAB2D2962C41B003E4D17 /* DataStructuresAndAlgorithmsPracticeUITestsLaunchTests.swift in Sources */,
			);
			runOnlyForDeploymentPostprocessing = 0;
		};
/* End PBXSourcesBuildPhase section */

/* Begin PBXTargetDependency section */
		205AAB1E2962C41B003E4D17 /* PBXTargetDependency */ = {
			isa = PBXTargetDependency;
			target = 205AAB052962C418003E4D17 /* DataStructuresAndAlgorithmsPractice */;
			targetProxy = 205AAB1D2962C41B003E4D17 /* PBXContainerItemProxy */;
		};
		205AAB282962C41B003E4D17 /* PBXTargetDependency */ = {
			isa = PBXTargetDependency;
			target = 205AAB052962C418003E4D17 /* DataStructuresAndAlgorithmsPractice */;
			targetProxy = 205AAB272962C41B003E4D17 /* PBXContainerItemProxy */;
		};
/* End PBXTargetDependency section */

/* Begin PBXVariantGroup section */
		205AAB0F2962C418003E4D17 /* Main.storyboard */ = {
			isa = PBXVariantGroup;
			children = (
				205AAB102962C418003E4D17 /* Base */,
			);
			name = Main.storyboard;
			sourceTree = "<group>";
		};
		205AAB142962C41A003E4D17 /* LaunchScreen.storyboard */ = {
			isa = PBXVariantGroup;
			children = (
				205AAB152962C41A003E4D17 /* Base */,
			);
			name = LaunchScreen.storyboard;
			sourceTree = "<group>";
		};
/* End PBXVariantGroup section */

/* Begin XCBuildConfiguration section */
		205AAB2E2962C41B003E4D17 /* Debug */ = {
			isa = XCBuildConfiguration;
			buildSettings = {
				ALWAYS_SEARCH_USER_PATHS = NO;
				ASSETCATALOG_COMPILER_GENERATE_SWIFT_ASSET_SYMBOL_EXTENSIONS = YES;
				CLANG_ANALYZER_NONNULL = YES;
				CLANG_ANALYZER_NUMBER_OBJECT_CONVERSION = YES_AGGRESSIVE;
				CLANG_CXX_LANGUAGE_STANDARD = "gnu++20";
				CLANG_ENABLE_MODULES = YES;
				CLANG_ENABLE_OBJC_ARC = YES;
				CLANG_ENABLE_OBJC_WEAK = YES;
				CLANG_WARN_BLOCK_CAPTURE_AUTORELEASING = YES;
				CLANG_WARN_BOOL_CONVERSION = YES;
				CLANG_WARN_COMMA = YES;
				CLANG_WARN_CONSTANT_CONVERSION = YES;
				CLANG_WARN_DEPRECATED_OBJC_IMPLEMENTATIONS = YES;
				CLANG_WARN_DIRECT_OBJC_ISA_USAGE = YES_ERROR;
				CLANG_WARN_DOCUMENTATION_COMMENTS = YES;
				CLANG_WARN_EMPTY_BODY = YES;
				CLANG_WARN_ENUM_CONVERSION = YES;
				CLANG_WARN_INFINITE_RECURSION = YES;
				CLANG_WARN_INT_CONVERSION = YES;
				CLANG_WARN_NON_LITERAL_NULL_CONVERSION = YES;
				CLANG_WARN_OBJC_IMPLICIT_RETAIN_SELF = YES;
				CLANG_WARN_OBJC_LITERAL_CONVERSION = YES;
				CLANG_WARN_OBJC_ROOT_CLASS = YES_ERROR;
				CLANG_WARN_QUOTED_INCLUDE_IN_FRAMEWORK_HEADER = YES;
				CLANG_WARN_RANGE_LOOP_ANALYSIS = YES;
				CLANG_WARN_STRICT_PROTOTYPES = YES;
				CLANG_WARN_SUSPICIOUS_MOVE = YES;
				CLANG_WARN_UNGUARDED_AVAILABILITY = YES_AGGRESSIVE;
				CLANG_WARN_UNREACHABLE_CODE = YES;
				CLANG_WARN__DUPLICATE_METHOD_MATCH = YES;
				COPY_PHASE_STRIP = NO;
				DEBUG_INFORMATION_FORMAT = dwarf;
				ENABLE_STRICT_OBJC_MSGSEND = YES;
				ENABLE_TESTABILITY = YES;
				ENABLE_USER_SCRIPT_SANDBOXING = YES;
				GCC_C_LANGUAGE_STANDARD = gnu11;
				GCC_DYNAMIC_NO_PIC = NO;
				GCC_NO_COMMON_BLOCKS = YES;
				GCC_OPTIMIZATION_LEVEL = 0;
				GCC_PREPROCESSOR_DEFINITIONS = (
					"DEBUG=1",
					"$(inherited)",
				);
				GCC_WARN_64_TO_32_BIT_CONVERSION = YES;
				GCC_WARN_ABOUT_RETURN_TYPE = YES_ERROR;
				GCC_WARN_UNDECLARED_SELECTOR = YES;
				GCC_WARN_UNINITIALIZED_AUTOS = YES_AGGRESSIVE;
				GCC_WARN_UNUSED_FUNCTION = YES;
				GCC_WARN_UNUSED_VARIABLE = YES;
				IPHONEOS_DEPLOYMENT_TARGET = 16.2;
				MTL_ENABLE_DEBUG_INFO = INCLUDE_SOURCE;
				MTL_FAST_MATH = YES;
				ONLY_ACTIVE_ARCH = YES;
				SDKROOT = iphoneos;
				SWIFT_ACTIVE_COMPILATION_CONDITIONS = DEBUG;
				SWIFT_OPTIMIZATION_LEVEL = "-Onone";
			};
			name = Debug;
		};
		205AAB2F2962C41B003E4D17 /* Release */ = {
			isa = XCBuildConfiguration;
			buildSettings = {
				ALWAYS_SEARCH_USER_PATHS = NO;
				ASSETCATALOG_COMPILER_GENERATE_SWIFT_ASSET_SYMBOL_EXTENSIONS = YES;
				CLANG_ANALYZER_NONNULL = YES;
				CLANG_ANALYZER_NUMBER_OBJECT_CONVERSION = YES_AGGRESSIVE;
				CLANG_CXX_LANGUAGE_STANDARD = "gnu++20";
				CLANG_ENABLE_MODULES = YES;
				CLANG_ENABLE_OBJC_ARC = YES;
				CLANG_ENABLE_OBJC_WEAK = YES;
				CLANG_WARN_BLOCK_CAPTURE_AUTORELEASING = YES;
				CLANG_WARN_BOOL_CONVERSION = YES;
				CLANG_WARN_COMMA = YES;
				CLANG_WARN_CONSTANT_CONVERSION = YES;
				CLANG_WARN_DEPRECATED_OBJC_IMPLEMENTATIONS = YES;
				CLANG_WARN_DIRECT_OBJC_ISA_USAGE = YES_ERROR;
				CLANG_WARN_DOCUMENTATION_COMMENTS = YES;
				CLANG_WARN_EMPTY_BODY = YES;
				CLANG_WARN_ENUM_CONVERSION = YES;
				CLANG_WARN_INFINITE_RECURSION = YES;
				CLANG_WARN_INT_CONVERSION = YES;
				CLANG_WARN_NON_LITERAL_NULL_CONVERSION = YES;
				CLANG_WARN_OBJC_IMPLICIT_RETAIN_SELF = YES;
				CLANG_WARN_OBJC_LITERAL_CONVERSION = YES;
				CLANG_WARN_OBJC_ROOT_CLASS = YES_ERROR;
				CLANG_WARN_QUOTED_INCLUDE_IN_FRAMEWORK_HEADER = YES;
				CLANG_WARN_RANGE_LOOP_ANALYSIS = YES;
				CLANG_WARN_STRICT_PROTOTYPES = YES;
				CLANG_WARN_SUSPICIOUS_MOVE = YES;
				CLANG_WARN_UNGUARDED_AVAILABILITY = YES_AGGRESSIVE;
				CLANG_WARN_UNREACHABLE_CODE = YES;
				CLANG_WARN__DUPLICATE_METHOD_MATCH = YES;
				COPY_PHASE_STRIP = NO;
				DEBUG_INFORMATION_FORMAT = "dwarf-with-dsym";
				ENABLE_NS_ASSERTIONS = NO;
				ENABLE_STRICT_OBJC_MSGSEND = YES;
				ENABLE_USER_SCRIPT_SANDBOXING = YES;
				GCC_C_LANGUAGE_STANDARD = gnu11;
				GCC_NO_COMMON_BLOCKS = YES;
				GCC_WARN_64_TO_32_BIT_CONVERSION = YES;
				GCC_WARN_ABOUT_RETURN_TYPE = YES_ERROR;
				GCC_WARN_UNDECLARED_SELECTOR = YES;
				GCC_WARN_UNINITIALIZED_AUTOS = YES_AGGRESSIVE;
				GCC_WARN_UNUSED_FUNCTION = YES;
				GCC_WARN_UNUSED_VARIABLE = YES;
				IPHONEOS_DEPLOYMENT_TARGET = 16.2;
				MTL_ENABLE_DEBUG_INFO = NO;
				MTL_FAST_MATH = YES;
				SDKROOT = iphoneos;
				SWIFT_COMPILATION_MODE = wholemodule;
				SWIFT_OPTIMIZATION_LEVEL = "-O";
				VALIDATE_PRODUCT = YES;
			};
			name = Release;
		};
		205AAB312962C41B003E4D17 /* Debug */ = {
			isa = XCBuildConfiguration;
			buildSettings = {
				ASSETCATALOG_COMPILER_APPICON_NAME = AppIcon;
				ASSETCATALOG_COMPILER_GLOBAL_ACCENT_COLOR_NAME = AccentColor;
				CODE_SIGN_STYLE = Automatic;
				CURRENT_PROJECT_VERSION = 1;
				GENERATE_INFOPLIST_FILE = YES;
				INFOPLIST_FILE = DataStructuresAndAlgorithmsPractice/Info.plist;
				INFOPLIST_KEY_UIApplicationSupportsIndirectInputEvents = YES;
				INFOPLIST_KEY_UILaunchStoryboardName = LaunchScreen;
				INFOPLIST_KEY_UIMainStoryboardFile = Main;
				INFOPLIST_KEY_UISupportedInterfaceOrientations_iPad = "UIInterfaceOrientationPortrait UIInterfaceOrientationPortraitUpsideDown UIInterfaceOrientationLandscapeLeft UIInterfaceOrientationLandscapeRight";
				INFOPLIST_KEY_UISupportedInterfaceOrientations_iPhone = "UIInterfaceOrientationPortrait UIInterfaceOrientationLandscapeLeft UIInterfaceOrientationLandscapeRight";
				LD_RUNPATH_SEARCH_PATHS = (
					"$(inherited)",
					"@executable_path/Frameworks",
				);
				MARKETING_VERSION = 1.0;
				PRODUCT_BUNDLE_IDENTIFIER = com.hm.practice.DataStructuresAndAlgorithmsPractice;
				PRODUCT_NAME = "$(TARGET_NAME)";
				SWIFT_EMIT_LOC_STRINGS = YES;
				SWIFT_VERSION = 5.0;
				TARGETED_DEVICE_FAMILY = "1,2";
			};
			name = Debug;
		};
		205AAB322962C41B003E4D17 /* Release */ = {
			isa = XCBuildConfiguration;
			buildSettings = {
				ASSETCATALOG_COMPILER_APPICON_NAME = AppIcon;
				ASSETCATALOG_COMPILER_GLOBAL_ACCENT_COLOR_NAME = AccentColor;
				CODE_SIGN_STYLE = Automatic;
				CURRENT_PROJECT_VERSION = 1;
				GENERATE_INFOPLIST_FILE = YES;
				INFOPLIST_FILE = DataStructuresAndAlgorithmsPractice/Info.plist;
				INFOPLIST_KEY_UIApplicationSupportsIndirectInputEvents = YES;
				INFOPLIST_KEY_UILaunchStoryboardName = LaunchScreen;
				INFOPLIST_KEY_UIMainStoryboardFile = Main;
				INFOPLIST_KEY_UISupportedInterfaceOrientations_iPad = "UIInterfaceOrientationPortrait UIInterfaceOrientationPortraitUpsideDown UIInterfaceOrientationLandscapeLeft UIInterfaceOrientationLandscapeRight";
				INFOPLIST_KEY_UISupportedInterfaceOrientations_iPhone = "UIInterfaceOrientationPortrait UIInterfaceOrientationLandscapeLeft UIInterfaceOrientationLandscapeRight";
				LD_RUNPATH_SEARCH_PATHS = (
					"$(inherited)",
					"@executable_path/Frameworks",
				);
				MARKETING_VERSION = 1.0;
				PRODUCT_BUNDLE_IDENTIFIER = com.hm.practice.DataStructuresAndAlgorithmsPractice;
				PRODUCT_NAME = "$(TARGET_NAME)";
				SWIFT_EMIT_LOC_STRINGS = YES;
				SWIFT_VERSION = 5.0;
				TARGETED_DEVICE_FAMILY = "1,2";
			};
			name = Release;
		};
		205AAB342962C41B003E4D17 /* Debug */ = {
			isa = XCBuildConfiguration;
			buildSettings = {
				ALWAYS_EMBED_SWIFT_STANDARD_LIBRARIES = YES;
				BUNDLE_LOADER = "$(TEST_HOST)";
				CODE_SIGN_STYLE = Automatic;
				CURRENT_PROJECT_VERSION = 1;
				GENERATE_INFOPLIST_FILE = YES;
				IPHONEOS_DEPLOYMENT_TARGET = 16.2;
				MARKETING_VERSION = 1.0;
				PRODUCT_BUNDLE_IDENTIFIER = com.hm.practice.DataStructuresAndAlgorithmsPracticeTests;
				PRODUCT_NAME = "$(TARGET_NAME)";
				SWIFT_EMIT_LOC_STRINGS = NO;
				SWIFT_VERSION = 5.0;
				TARGETED_DEVICE_FAMILY = "1,2";
				TEST_HOST = "$(BUILT_PRODUCTS_DIR)/DataStructuresAndAlgorithmsPractice.app/$(BUNDLE_EXECUTABLE_FOLDER_PATH)/DataStructuresAndAlgorithmsPractice";
			};
			name = Debug;
		};
		205AAB352962C41B003E4D17 /* Release */ = {
			isa = XCBuildConfiguration;
			buildSettings = {
				ALWAYS_EMBED_SWIFT_STANDARD_LIBRARIES = YES;
				BUNDLE_LOADER = "$(TEST_HOST)";
				CODE_SIGN_STYLE = Automatic;
				CURRENT_PROJECT_VERSION = 1;
				GENERATE_INFOPLIST_FILE = YES;
				IPHONEOS_DEPLOYMENT_TARGET = 16.2;
				MARKETING_VERSION = 1.0;
				PRODUCT_BUNDLE_IDENTIFIER = com.hm.practice.DataStructuresAndAlgorithmsPracticeTests;
				PRODUCT_NAME = "$(TARGET_NAME)";
				SWIFT_EMIT_LOC_STRINGS = NO;
				SWIFT_VERSION = 5.0;
				TARGETED_DEVICE_FAMILY = "1,2";
				TEST_HOST = "$(BUILT_PRODUCTS_DIR)/DataStructuresAndAlgorithmsPractice.app/$(BUNDLE_EXECUTABLE_FOLDER_PATH)/DataStructuresAndAlgorithmsPractice";
			};
			name = Release;
		};
		205AAB372962C41B003E4D17 /* Debug */ = {
			isa = XCBuildConfiguration;
			buildSettings = {
				ALWAYS_EMBED_SWIFT_STANDARD_LIBRARIES = YES;
				CODE_SIGN_STYLE = Automatic;
				CURRENT_PROJECT_VERSION = 1;
				GENERATE_INFOPLIST_FILE = YES;
				MARKETING_VERSION = 1.0;
				PRODUCT_BUNDLE_IDENTIFIER = com.hm.practice.DataStructuresAndAlgorithmsPracticeUITests;
				PRODUCT_NAME = "$(TARGET_NAME)";
				SWIFT_EMIT_LOC_STRINGS = NO;
				SWIFT_VERSION = 5.0;
				TARGETED_DEVICE_FAMILY = "1,2";
				TEST_TARGET_NAME = DataStructuresAndAlgorithmsPractice;
			};
			name = Debug;
		};
		205AAB382962C41B003E4D17 /* Release */ = {
			isa = XCBuildConfiguration;
			buildSettings = {
				ALWAYS_EMBED_SWIFT_STANDARD_LIBRARIES = YES;
				CODE_SIGN_STYLE = Automatic;
				CURRENT_PROJECT_VERSION = 1;
				GENERATE_INFOPLIST_FILE = YES;
				MARKETING_VERSION = 1.0;
				PRODUCT_BUNDLE_IDENTIFIER = com.hm.practice.DataStructuresAndAlgorithmsPracticeUITests;
				PRODUCT_NAME = "$(TARGET_NAME)";
				SWIFT_EMIT_LOC_STRINGS = NO;
				SWIFT_VERSION = 5.0;
				TARGETED_DEVICE_FAMILY = "1,2";
				TEST_TARGET_NAME = DataStructuresAndAlgorithmsPractice;
			};
			name = Release;
		};
/* End XCBuildConfiguration section */

/* Begin XCConfigurationList section */
		205AAB012962C418003E4D17 /* Build configuration list for PBXProject "DataStructuresAndAlgorithmsPractice" */ = {
			isa = XCConfigurationList;
			buildConfigurations = (
				205AAB2E2962C41B003E4D17 /* Debug */,
				205AAB2F2962C41B003E4D17 /* Release */,
			);
			defaultConfigurationIsVisible = 0;
			defaultConfigurationName = Release;
		};
		205AAB302962C41B003E4D17 /* Build configuration list for PBXNativeTarget "DataStructuresAndAlgorithmsPractice" */ = {
			isa = XCConfigurationList;
			buildConfigurations = (
				205AAB312962C41B003E4D17 /* Debug */,
				205AAB322962C41B003E4D17 /* Release */,
			);
			defaultConfigurationIsVisible = 0;
			defaultConfigurationName = Release;
		};
		205AAB332962C41B003E4D17 /* Build configuration list for PBXNativeTarget "DataStructuresAndAlgorithmsPracticeTests" */ = {
			isa = XCConfigurationList;
			buildConfigurations = (
				205AAB342962C41B003E4D17 /* Debug */,
				205AAB352962C41B003E4D17 /* Release */,
			);
			defaultConfigurationIsVisible = 0;
			defaultConfigurationName = Release;
		};
		205AAB362962C41B003E4D17 /* Build configuration list for PBXNativeTarget "DataStructuresAndAlgorithmsPracticeUITests" */ = {
			isa = XCConfigurationList;
			buildConfigurations = (
				205AAB372962C41B003E4D17 /* Debug */,
				205AAB382962C41B003E4D17 /* Release */,
			);
			defaultConfigurationIsVisible = 0;
			defaultConfigurationName = Release;
		};
/* End XCConfigurationList section */
	};
	rootObject = 205AAAFE2962C418003E4D17 /* Project object */;
}
